
Microsoft Visual Studio Solution File, Format Version 12.00
# Visual Studio Version 17
VisualStudioVersion = 17.5.002.0
MinimumVisualStudioVersion = 10.0.40219.1
Project("{2150E333-8FDC-42A3-9474-1A3956D46DE8}") = "src", "src", "{79CC9F72-6EBE-433E-A552-D9F61F98590A}"
EndProject
Project("{2150E333-8FDC-42A3-9474-1A3956D46DE8}") = "AdvertBoard", "AdvertBoard", "{FDBA3408-0491-4906-8CCD-2EDF1BAD2190}"
EndProject
Project("{2150E333-8FDC-42A3-9474-1A3956D46DE8}") = "Domain", "Domain", "{01241D56-2731-4DBA-904C-92594AB59529}"
EndProject
Project("{9A19103F-16F7-4668-BE54-9A1E7A4F7556}") = "AdvertBoard.Domain", "src\AdvertBoard\Domain\AdvertBoard.Domain\AdvertBoard.Domain.csproj", "{59B19892-70CD-4B48-8AB3-679E86E0AF21}"
EndProject
Global
	GlobalSection(SolutionConfigurationPlatforms) = preSolution
		Debug|Any CPU = Debug|Any CPU
		Release|Any CPU = Release|Any CPU
	EndGlobalSection
	GlobalSection(ProjectConfigurationPlatforms) = postSolution
		{59B19892-70CD-4B48-8AB3-679E86E0AF21}.Debug|Any CPU.ActiveCfg = Debug|Any CPU
		{59B19892-70CD-4B48-8AB3-679E86E0AF21}.Debug|Any CPU.Build.0 = Debug|Any CPU
		{59B19892-70CD-4B48-8AB3-679E86E0AF21}.Release|Any CPU.ActiveCfg = Release|Any CPU
		{59B19892-70CD-4B48-8AB3-679E86E0AF21}.Release|Any CPU.Build.0 = Release|Any CPU
	EndGlobalSection
	GlobalSection(SolutionProperties) = preSolution
		HideSolutionNode = FALSE
	EndGlobalSection
	GlobalSection(NestedProjects) = preSolution
		{FDBA3408-0491-4906-8CCD-2EDF1BAD2190} = {79CC9F72-6EBE-433E-A552-D9F61F98590A}
		{01241D56-2731-4DBA-904C-92594AB59529} = {FDBA3408-0491-4906-8CCD-2EDF1BAD2190}
		{59B19892-70CD-4B48-8AB3-679E86E0AF21} = {01241D56-2731-4DBA-904C-92594AB59529}
	EndGlobalSection
	GlobalSection(ExtensibilityGlobals) = postSolution
		SolutionGuid = {CAC41E2B-985E-4199-B483-4FA204ACAA61}
	EndGlobalSection
EndGlobal
